
Microsoft Visual Studio Solution File, Format Version 12.00
# Visual Studio Version 17
VisualStudioVersion = 17.2.32526.322
MinimumVisualStudioVersion = 10.0.40219.1
Project("{FAE04EC0-301F-11D3-BF4B-00C04F79EFBC}") = "BankEncapsulation", "BankEncapsulation.csproj", "{F039A74E-4F08-4696-937F-563F65DBC803}"
EndProject
Global
	GlobalSection(SolutionConfigurationPlatforms) = preSolution
		Debug|Any CPU = Debug|Any CPU
		Release|Any CPU = Release|Any CPU
	EndGlobalSection
	GlobalSection(ProjectConfigurationPlatforms) = postSolution
		{F039A74E-4F08-4696-937F-563F65DBC803}.Debug|Any CPU.ActiveCfg = Debug|Any CPU
		{F039A74E-4F08-4696-937F-563F65DBC803}.Debug|Any CPU.Build.0 = Debug|Any CPU
		{F039A74E-4F08-4696-937F-563F65DBC803}.Release|Any CPU.ActiveCfg = Release|Any CPU
		{F039A74E-4F08-4696-937F-563F65DBC803}.Release|Any CPU.Build.0 = Release|Any CPU
	EndGlobalSection
	GlobalSection(SolutionProperties) = preSolution
		HideSolutionNode = FALSE
	EndGlobalSection
	GlobalSection(ExtensibilityGlobals) = postSolution
		SolutionGuid = {DCA9249A-C98F-4A56-A94E-43798979C005}
	EndGlobalSection
EndGlobal
